
Microsoft Visual Studio Solution File, Format Version 12.00
Project("{FAE04EC0-301F-11D3-BF4B-00C04F79EFBC}") = "BackendAPI", "BackendAPI\BackendAPI.csproj", "{CC349A27-7C11-40D7-9DDA-1FCF6828D5B3}"
EndProject
Project("{FAE04EC0-301F-11D3-BF4B-00C04F79EFBC}") = "Business", "Business\Business.csproj", "{9E3BFEC1-466A-447B-B486-A6E16AA2EC96}"
EndProject
Project("{FAE04EC0-301F-11D3-BF4B-00C04F79EFBC}") = "Database", "Database\Database.csproj", "{03D018EE-FEF2-4436-A768-1DD6B973778A}"
EndProject
Global
	GlobalSection(SolutionConfigurationPlatforms) = preSolution
		Debug|Any CPU = Debug|Any CPU
		Release|Any CPU = Release|Any CPU
	EndGlobalSection
	GlobalSection(ProjectConfigurationPlatforms) = postSolution
		{CC349A27-7C11-40D7-9DDA-1FCF6828D5B3}.Debug|Any CPU.ActiveCfg = Debug|Any CPU
		{CC349A27-7C11-40D7-9DDA-1FCF6828D5B3}.Debug|Any CPU.Build.0 = Debug|Any CPU
		{CC349A27-7C11-40D7-9DDA-1FCF6828D5B3}.Release|Any CPU.ActiveCfg = Release|Any CPU
		{CC349A27-7C11-40D7-9DDA-1FCF6828D5B3}.Release|Any CPU.Build.0 = Release|Any CPU
		{9E3BFEC1-466A-447B-B486-A6E16AA2EC96}.Debug|Any CPU.ActiveCfg = Debug|Any CPU
		{9E3BFEC1-466A-447B-B486-A6E16AA2EC96}.Debug|Any CPU.Build.0 = Debug|Any CPU
		{9E3BFEC1-466A-447B-B486-A6E16AA2EC96}.Release|Any CPU.ActiveCfg = Release|Any CPU
		{9E3BFEC1-466A-447B-B486-A6E16AA2EC96}.Release|Any CPU.Build.0 = Release|Any CPU
		{03D018EE-FEF2-4436-A768-1DD6B973778A}.Debug|Any CPU.ActiveCfg = Debug|Any CPU
		{03D018EE-FEF2-4436-A768-1DD6B973778A}.Debug|Any CPU.Build.0 = Debug|Any CPU
		{03D018EE-FEF2-4436-A768-1DD6B973778A}.Release|Any CPU.ActiveCfg = Release|Any CPU
		{03D018EE-FEF2-4436-A768-1DD6B973778A}.Release|Any CPU.Build.0 = Release|Any CPU
	EndGlobalSection
EndGlobal
